// !$*UTF8*$!
{
	archiveVersion = 1;
	classes = {
	};
	objectVersion = 50;
	objects = {

/* Begin PBXBuildFile section */
		523C2CA624A7AF910050832A /* AppDelegate.swift in Sources */ = {isa = PBXBuildFile; fileRef = 523C2CA524A7AF910050832A /* AppDelegate.swift */; };
		523C2CA824A7AF910050832A /* SceneDelegate.swift in Sources */ = {isa = PBXBuildFile; fileRef = 523C2CA724A7AF910050832A /* SceneDelegate.swift */; };
		523C2CAA24A7AF910050832A /* ViewController.swift in Sources */ = {isa = PBXBuildFile; fileRef = 523C2CA924A7AF910050832A /* ViewController.swift */; };
		523C2CAD24A7AF910050832A /* Main.storyboard in Resources */ = {isa = PBXBuildFile; fileRef = 523C2CAB24A7AF910050832A /* Main.storyboard */; };
		523C2CAF24A7AF940050832A /* Assets.xcassets in Resources */ = {isa = PBXBuildFile; fileRef = 523C2CAE24A7AF940050832A /* Assets.xcassets */; };
		523C2CB224A7AF940050832A /* LaunchScreen.storyboard in Resources */ = {isa = PBXBuildFile; fileRef = 523C2CB024A7AF940050832A /* LaunchScreen.storyboard */; };
		523C2CBD24A7AF940050832A /* ios_claswork_5Tests.swift in Sources */ = {isa = PBXBuildFile; fileRef = 523C2CBC24A7AF940050832A /* ios_claswork_5Tests.swift */; };
		523C2CC824A7AF940050832A /* ios_claswork_5UITests.swift in Sources */ = {isa = PBXBuildFile; fileRef = 523C2CC724A7AF940050832A /* ios_claswork_5UITests.swift */; };
/* End PBXBuildFile section */

/* Begin PBXContainerItemProxy section */
		523C2CB924A7AF940050832A /* PBXContainerItemProxy */ = {
			isa = PBXContainerItemProxy;
			containerPortal = 523C2C9A24A7AF910050832A /* Project object */;
			proxyType = 1;
			remoteGlobalIDString = 523C2CA124A7AF910050832A;
			remoteInfo = "ios claswork 5";
		};
		523C2CC424A7AF940050832A /* PBXContainerItemProxy */ = {
			isa = PBXContainerItemProxy;
			containerPortal = 523C2C9A24A7AF910050832A /* Project object */;
			proxyType = 1;
			remoteGlobalIDString = 523C2CA124A7AF910050832A;
			remoteInfo = "ios claswork 5";
		};
/* End PBXContainerItemProxy section */

/* Begin PBXFileReference section */
		523C2CA224A7AF910050832A /* ios claswork 5.app */ = {isa = PBXFileReference; explicitFileType = wrapper.application; includeInIndex = 0; path = "ios claswork 5.app"; sourceTree = BUILT_PRODUCTS_DIR; };
		523C2CA524A7AF910050832A /* AppDelegate.swift */ = {isa = PBXFileReference; lastKnownFileType = sourcecode.swift; path = AppDelegate.swift; sourceTree = "<group>"; };
		523C2CA724A7AF910050832A /* SceneDelegate.swift */ = {isa = PBXFileReference; lastKnownFileType = sourcecode.swift; path = SceneDelegate.swift; sourceTree = "<group>"; };
		523C2CA924A7AF910050832A /* ViewController.swift */ = {isa = PBXFileReference; lastKnownFileType = sourcecode.swift; path = ViewController.swift; sourceTree = "<group>"; };
		523C2CAC24A7AF910050832A /* Base */ = {isa = PBXFileReference; lastKnownFileType = file.storyboard; name = Base; path = Base.lproj/Main.storyboard; sourceTree = "<group>"; };
		523C2CAE24A7AF940050832A /* Assets.xcassets */ = {isa = PBXFileReference; lastKnownFileType = folder.assetcatalog; path = Assets.xcassets; sourceTree = "<group>"; };
		523C2CB124A7AF940050832A /* Base */ = {isa = PBXFileReference; lastKnownFileType = file.storyboard; name = Base; path = Base.lproj/LaunchScreen.storyboard; sourceTree = "<group>"; };
		523C2CB324A7AF940050832A /* Info.plist */ = {isa = PBXFileReference; lastKnownFileType = text.plist.xml; path = Info.plist; sourceTree = "<group>"; };
		523C2CB824A7AF940050832A /* ios claswork 5Tests.xctest */ = {isa = PBXFileReference; explicitFileType = wrapper.cfbundle; includeInIndex = 0; path = "ios claswork 5Tests.xctest"; sourceTree = BUILT_PRODUCTS_DIR; };
		523C2CBC24A7AF940050832A /* ios_claswork_5Tests.swift */ = {isa = PBXFileReference; lastKnownFileType = sourcecode.swift; path = ios_claswork_5Tests.swift; sourceTree = "<group>"; };
		523C2CBE24A7AF940050832A /* Info.plist */ = {isa = PBXFileReference; lastKnownFileType = text.plist.xml; path = Info.plist; sourceTree = "<group>"; };
		523C2CC324A7AF940050832A /* ios claswork 5UITests.xctest */ = {isa = PBXFileReference; explicitFileType = wrapper.cfbundle; includeInIndex = 0; path = "ios claswork 5UITests.xctest"; sourceTree = BUILT_PRODUCTS_DIR; };
		523C2CC724A7AF940050832A /* ios_claswork_5UITests.swift */ = {isa = PBXFileReference; lastKnownFileType = sourcecode.swift; path = ios_claswork_5UITests.swift; sourceTree = "<group>"; };
		523C2CC924A7AF940050832A /* Info.plist */ = {isa = PBXFileReference; lastKnownFileType = text.plist.xml; path = Info.plist; sourceTree = "<group>"; };
/* End PBXFileReference section */

/* Begin PBXFrameworksBuildPhase section */
		523C2C9F24A7AF910050832A /* Frameworks */ = {
			isa = PBXFrameworksBuildPhase;
			buildActionMask = 2147483647;
			files = (
			);
			runOnlyForDeploymentPostprocessing = 0;
		};
		523C2CB524A7AF940050832A /* Frameworks */ = {
			isa = PBXFrameworksBuildPhase;
			buildActionMask = 2147483647;
			files = (
			);
			runOnlyForDeploymentPostprocessing = 0;
		};
		523C2CC024A7AF940050832A /* Frameworks */ = {
			isa = PBXFrameworksBuildPhase;
			buildActionMask = 2147483647;
			files = (
			);
			runOnlyForDeploymentPostprocessing = 0;
		};
/* End PBXFrameworksBuildPhase section */

/* Begin PBXGroup section */
		523C2C9924A7AF910050832A = {
			isa = PBXGroup;
			children = (
				523C2CA424A7AF910050832A /* ios claswork 5 */,
				523C2CBB24A7AF940050832A /* ios claswork 5Tests */,
				523C2CC624A7AF940050832A /* ios claswork 5UITests */,
				523C2CA324A7AF910050832A /* Products */,
			);
			sourceTree = "<group>";
		};
		523C2CA324A7AF910050832A /* Products */ = {
			isa = PBXGroup;
			children = (
				523C2CA224A7AF910050832A /* ios claswork 5.app */,
				523C2CB824A7AF940050832A /* ios claswork 5Tests.xctest */,
				523C2CC324A7AF940050832A /* ios claswork 5UITests.xctest */,
			);
			name = Products;
			sourceTree = "<group>";
		};
		523C2CA424A7AF910050832A /* ios claswork 5 */ = {
			isa = PBXGroup;
			children = (
				523C2CA524A7AF910050832A /* AppDelegate.swift */,
				523C2CA724A7AF910050832A /* SceneDelegate.swift */,
				523C2CA924A7AF910050832A /* ViewController.swift */,
				523C2CAB24A7AF910050832A /* Main.storyboard */,
				523C2CAE24A7AF940050832A /* Assets.xcassets */,
				523C2CB024A7AF940050832A /* LaunchScreen.storyboard */,
				523C2CB324A7AF940050832A /* Info.plist */,
			);
			path = "ios claswork 5";
			sourceTree = "<group>";
		};
		523C2CBB24A7AF940050832A /* ios claswork 5Tests */ = {
			isa = PBXGroup;
			children = (
				523C2CBC24A7AF940050832A /* ios_claswork_5Tests.swift */,
				523C2CBE24A7AF940050832A /* Info.plist */,
			);
			path = "ios claswork 5Tests";
			sourceTree = "<group>";
		};
		523C2CC624A7AF940050832A /* ios claswork 5UITests */ = {
			isa = PBXGroup;
			children = (
				523C2CC724A7AF940050832A /* ios_claswork_5UITests.swift */,
				523C2CC924A7AF940050832A /* Info.plist */,
			);
			path = "ios claswork 5UITests";
			sourceTree = "<group>";
		};
/* End PBXGroup section */

/* Begin PBXNativeTarget section */
		523C2CA124A7AF910050832A /* ios claswork 5 */ = {
			isa = PBXNativeTarget;
			buildConfigurationList = 523C2CCC24A7AF940050832A /* Build configuration list for PBXNativeTarget "ios claswork 5" */;
			buildPhases = (
				523C2C9E24A7AF910050832A /* Sources */,
				523C2C9F24A7AF910050832A /* Frameworks */,
				523C2CA024A7AF910050832A /* Resources */,
			);
			buildRules = (
			);
			dependencies = (
			);
			name = "ios claswork 5";
			productName = "ios claswork 5";
			productReference = 523C2CA224A7AF910050832A /* ios claswork 5.app */;
			productType = "com.apple.product-type.application";
		};
		523C2CB724A7AF940050832A /* ios claswork 5Tests */ = {
			isa = PBXNativeTarget;
			buildConfigurationList = 523C2CCF24A7AF940050832A /* Build configuration list for PBXNativeTarget "ios claswork 5Tests" */;
			buildPhases = (
				523C2CB424A7AF940050832A /* Sources */,
				523C2CB524A7AF940050832A /* Frameworks */,
				523C2CB624A7AF940050832A /* Resources */,
			);
			buildRules = (
			);
			dependencies = (
				523C2CBA24A7AF940050832A /* PBXTargetDependency */,
			);
			name = "ios claswork 5Tests";
			productName = "ios claswork 5Tests";
			productReference = 523C2CB824A7AF940050832A /* ios claswork 5Tests.xctest */;
			productType = "com.apple.product-type.bundle.unit-test";
		};
		523C2CC224A7AF940050832A /* ios claswork 5UITests */ = {
			isa = PBXNativeTarget;
			buildConfigurationList = 523C2CD224A7AF940050832A /* Build configuration list for PBXNativeTarget "ios claswork 5UITests" */;
			buildPhases = (
				523C2CBF24A7AF940050832A /* Sources */,
				523C2CC024A7AF940050832A /* Frameworks */,
				523C2CC124A7AF940050832A /* Resources */,
			);
			buildRules = (
			);
			dependencies = (
				523C2CC524A7AF940050832A /* PBXTargetDependency */,
			);
			name = "ios claswork 5UITests";
			productName = "ios claswork 5UITests";
			productReference = 523C2CC324A7AF940050832A /* ios claswork 5UITests.xctest */;
			productType = "com.apple.product-type.bundle.ui-testing";
		};
/* End PBXNativeTarget section */

/* Begin PBXProject section */
		523C2C9A24A7AF910050832A /* Project object */ = {
			isa = PBXProject;
			attributes = {
				LastSwiftUpdateCheck = 1150;
				LastUpgradeCheck = 1150;
				ORGANIZATIONNAME = "❦𝔸❦ 𝕄";
				TargetAttributes = {
					523C2CA124A7AF910050832A = {
						CreatedOnToolsVersion = 11.5;
					};
					523C2CB724A7AF940050832A = {
						CreatedOnToolsVersion = 11.5;
						TestTargetID = 523C2CA124A7AF910050832A;
					};
					523C2CC224A7AF940050832A = {
						CreatedOnToolsVersion = 11.5;
						TestTargetID = 523C2CA124A7AF910050832A;
					};
				};
			};
			buildConfigurationList = 523C2C9D24A7AF910050832A /* Build configuration list for PBXProject "ios claswork 5" */;
			compatibilityVersion = "Xcode 9.3";
			developmentRegion = en;
			hasScannedForEncodings = 0;
			knownRegions = (
				en,
				Base,
			);
			mainGroup = 523C2C9924A7AF910050832A;
			productRefGroup = 523C2CA324A7AF910050832A /* Products */;
			projectDirPath = "";
			projectRoot = "";
			targets = (
				523C2CA124A7AF910050832A /* ios claswork 5 */,
				523C2CB724A7AF940050832A /* ios claswork 5Tests */,
				523C2CC224A7AF940050832A /* ios claswork 5UITests */,
			);
		};
/* End PBXProject section */

/* Begin PBXResourcesBuildPhase section */
		523C2CA024A7AF910050832A /* Resources */ = {
			isa = PBXResourcesBuildPhase;
			buildActionMask = 2147483647;
			files = (
				523C2CB224A7AF940050832A /* LaunchScreen.storyboard in Resources */,
				523C2CAF24A7AF940050832A /* Assets.xcassets in Resources */,
				523C2CAD24A7AF910050832A /* Main.storyboard in Resources */,
			);
			runOnlyForDeploymentPostprocessing = 0;
		};
		523C2CB624A7AF940050832A /* Resources */ = {
			isa = PBXResourcesBuildPhase;
			buildActionMask = 2147483647;
			files = (
			);
			runOnlyForDeploymentPostprocessing = 0;
		};
		523C2CC124A7AF940050832A /* Resources */ = {
			isa = PBXResourcesBuildPhase;
			buildActionMask = 2147483647;
			files = (
			);
			runOnlyForDeploymentPostprocessing = 0;
		};
/* End PBXResourcesBuildPhase section */

/* Begin PBXSourcesBuildPhase section */
		523C2C9E24A7AF910050832A /* Sources */ = {
			isa = PBXSourcesBuildPhase;
			buildActionMask = 2147483647;
			files = (
				523C2CAA24A7AF910050832A /* ViewController.swift in Sources */,
				523C2CA624A7AF910050832A /* AppDelegate.swift in Sources */,
				523C2CA824A7AF910050832A /* SceneDelegate.swift in Sources */,
			);
			runOnlyForDeploymentPostprocessing = 0;
		};
		523C2CB424A7AF940050832A /* Sources */ = {
			isa = PBXSourcesBuildPhase;
			buildActionMask = 2147483647;
			files = (
				523C2CBD24A7AF940050832A /* ios_claswork_5Tests.swift in Sources */,
			);
			runOnlyForDeploymentPostprocessing = 0;
		};
		523C2CBF24A7AF940050832A /* Sources */ = {
			isa = PBXSourcesBuildPhase;
			buildActionMask = 2147483647;
			files = (
				523C2CC824A7AF940050832A /* ios_claswork_5UITests.swift in Sources */,
			);
			runOnlyForDeploymentPostprocessing = 0;
		};
/* End PBXSourcesBuildPhase section */

/* Begin PBXTargetDependency section */
		523C2CBA24A7AF940050832A /* PBXTargetDependency */ = {
			isa = PBXTargetDependency;
			target = 523C2CA124A7AF910050832A /* ios claswork 5 */;
			targetProxy = 523C2CB924A7AF940050832A /* PBXContainerItemProxy */;
		};
		523C2CC524A7AF940050832A /* PBXTargetDependency */ = {
			isa = PBXTargetDependency;
			target = 523C2CA124A7AF910050832A /* ios claswork 5 */;
			targetProxy = 523C2CC424A7AF940050832A /* PBXContainerItemProxy */;
		};
/* End PBXTargetDependency section */

/* Begin PBXVariantGroup section */
		523C2CAB24A7AF910050832A /* Main.storyboard */ = {
			isa = PBXVariantGroup;
			children = (
				523C2CAC24A7AF910050832A /* Base */,
			);
			name = Main.storyboard;
			sourceTree = "<group>";
		};
		523C2CB024A7AF940050832A /* LaunchScreen.storyboard */ = {
			isa = PBXVariantGroup;
			children = (
				523C2CB124A7AF940050832A /* Base */,
			);
			name = LaunchScreen.storyboard;
			sourceTree = "<group>";
		};
/* End PBXVariantGroup section */

/* Begin XCBuildConfiguration section */
		523C2CCA24A7AF940050832A /* Debug */ = {
			isa = XCBuildConfiguration;
			buildSettings = {
				ALWAYS_SEARCH_USER_PATHS = NO;
				CLANG_ANALYZER_NONNULL = YES;
				CLANG_ANALYZER_NUMBER_OBJECT_CONVERSION = YES_AGGRESSIVE;
				CLANG_CXX_LANGUAGE_STANDARD = "gnu++14";
				CLANG_CXX_LIBRARY = "libc++";
				CLANG_ENABLE_MODULES = YES;
				CLANG_ENABLE_OBJC_ARC = YES;
				CLANG_ENABLE_OBJC_WEAK = YES;
				CLANG_WARN_BLOCK_CAPTURE_AUTORELEASING = YES;
				CLANG_WARN_BOOL_CONVERSION = YES;
				CLANG_WARN_COMMA = YES;
				CLANG_WARN_CONSTANT_CONVERSION = YES;
				CLANG_WARN_DEPRECATED_OBJC_IMPLEMENTATIONS = YES;
				CLANG_WARN_DIRECT_OBJC_ISA_USAGE = YES_ERROR;
				CLANG_WARN_DOCUMENTATION_COMMENTS = YES;
				CLANG_WARN_EMPTY_BODY = YES;
				CLANG_WARN_ENUM_CONVERSION = YES;
				CLANG_WARN_INFINITE_RECURSION = YES;
				CLANG_WARN_INT_CONVERSION = YES;
				CLANG_WARN_NON_LITERAL_NULL_CONVERSION = YES;
				CLANG_WARN_OBJC_IMPLICIT_RETAIN_SELF = YES;
				CLANG_WARN_OBJC_LITERAL_CONVERSION = YES;
				CLANG_WARN_OBJC_ROOT_CLASS = YES_ERROR;
				CLANG_WARN_RANGE_LOOP_ANALYSIS = YES;
				CLANG_WARN_STRICT_PROTOTYPES = YES;
				CLANG_WARN_SUSPICIOUS_MOVE = YES;
				CLANG_WARN_UNGUARDED_AVAILABILITY = YES_AGGRESSIVE;
				CLANG_WARN_UNREACHABLE_CODE = YES;
				CLANG_WARN__DUPLICATE_METHOD_MATCH = YES;
				COPY_PHASE_STRIP = NO;
				DEBUG_INFORMATION_FORMAT = dwarf;
				ENABLE_STRICT_OBJC_MSGSEND = YES;
				ENABLE_TESTABILITY = YES;
				GCC_C_LANGUAGE_STANDARD = gnu11;
				GCC_DYNAMIC_NO_PIC = NO;
				GCC_NO_COMMON_BLOCKS = YES;
				GCC_OPTIMIZATION_LEVEL = 0;
				GCC_PREPROCESSOR_DEFINITIONS = (
					"DEBUG=1",
					"$(inherited)",
				);
				GCC_WARN_64_TO_32_BIT_CONVERSION = YES;
				GCC_WARN_ABOUT_RETURN_TYPE = YES_ERROR;
				GCC_WARN_UNDECLARED_SELECTOR = YES;
				GCC_WARN_UNINITIALIZED_AUTOS = YES_AGGRESSIVE;
				GCC_WARN_UNUSED_FUNCTION = YES;
				GCC_WARN_UNUSED_VARIABLE = YES;
				IPHONEOS_DEPLOYMENT_TARGET = 13.5;
				MTL_ENABLE_DEBUG_INFO = INCLUDE_SOURCE;
				MTL_FAST_MATH = YES;
				ONLY_ACTIVE_ARCH = YES;
				SDKROOT = iphoneos;
				SWIFT_ACTIVE_COMPILATION_CONDITIONS = DEBUG;
				SWIFT_OPTIMIZATION_LEVEL = "-Onone";
			};
			name = Debug;
		};
		523C2CCB24A7AF940050832A /* Release */ = {
			isa = XCBuildConfiguration;
			buildSettings = {
				ALWAYS_SEARCH_USER_PATHS = NO;
				CLANG_ANALYZER_NONNULL = YES;
				CLANG_ANALYZER_NUMBER_OBJECT_CONVERSION = YES_AGGRESSIVE;
				CLANG_CXX_LANGUAGE_STANDARD = "gnu++14";
				CLANG_CXX_LIBRARY = "libc++";
				CLANG_ENABLE_MODULES = YES;
				CLANG_ENABLE_OBJC_ARC = YES;
				CLANG_ENABLE_OBJC_WEAK = YES;
				CLANG_WARN_BLOCK_CAPTURE_AUTORELEASING = YES;
				CLANG_WARN_BOOL_CONVERSION = YES;
				CLANG_WARN_COMMA = YES;
				CLANG_WARN_CONSTANT_CONVERSION = YES;
				CLANG_WARN_DEPRECATED_OBJC_IMPLEMENTATIONS = YES;
				CLANG_WARN_DIRECT_OBJC_ISA_USAGE = YES_ERROR;
				CLANG_WARN_DOCUMENTATION_COMMENTS = YES;
				CLANG_WARN_EMPTY_BODY = YES;
				CLANG_WARN_ENUM_CONVERSION = YES;
				CLANG_WARN_INFINITE_RECURSION = YES;
				CLANG_WARN_INT_CONVERSION = YES;
				CLANG_WARN_NON_LITERAL_NULL_CONVERSION = YES;
				CLANG_WARN_OBJC_IMPLICIT_RETAIN_SELF = YES;
				CLANG_WARN_OBJC_LITERAL_CONVERSION = YES;
				CLANG_WARN_OBJC_ROOT_CLASS = YES_ERROR;
				CLANG_WARN_RANGE_LOOP_ANALYSIS = YES;
				CLANG_WARN_STRICT_PROTOTYPES = YES;
				CLANG_WARN_SUSPICIOUS_MOVE = YES;
				CLANG_WARN_UNGUARDED_AVAILABILITY = YES_AGGRESSIVE;
				CLANG_WARN_UNREACHABLE_CODE = YES;
				CLANG_WARN__DUPLICATE_METHOD_MATCH = YES;
				COPY_PHASE_STRIP = NO;
				DEBUG_INFORMATION_FORMAT = "dwarf-with-dsym";
				ENABLE_NS_ASSERTIONS = NO;
				ENABLE_STRICT_OBJC_MSGSEND = YES;
				GCC_C_LANGUAGE_STANDARD = gnu11;
				GCC_NO_COMMON_BLOCKS = YES;
				GCC_WARN_64_TO_32_BIT_CONVERSION = YES;
				GCC_WARN_ABOUT_RETURN_TYPE = YES_ERROR;
				GCC_WARN_UNDECLARED_SELECTOR = YES;
				GCC_WARN_UNINITIALIZED_AUTOS = YES_AGGRESSIVE;
				GCC_WARN_UNUSED_FUNCTION = YES;
				GCC_WARN_UNUSED_VARIABLE = YES;
				IPHONEOS_DEPLOYMENT_TARGET = 13.5;
				MTL_ENABLE_DEBUG_INFO = NO;
				MTL_FAST_MATH = YES;
				SDKROOT = iphoneos;
				SWIFT_COMPILATION_MODE = wholemodule;
				SWIFT_OPTIMIZATION_LEVEL = "-O";
				VALIDATE_PRODUCT = YES;
			};
			name = Release;
		};
		523C2CCD24A7AF940050832A /* Debug */ = {
			isa = XCBuildConfiguration;
			buildSettings = {
				ASSETCATALOG_COMPILER_APPICON_NAME = AppIcon;
				CODE_SIGN_STYLE = Automatic;
				INFOPLIST_FILE = "ios claswork 5/Info.plist";
				LD_RUNPATH_SEARCH_PATHS = (
					"$(inherited)",
					"@executable_path/Frameworks",
				);
				PRODUCT_BUNDLE_IDENTIFIER = "com.Anoud.ios-claswork-5";
				PRODUCT_NAME = "$(TARGET_NAME)";
				SWIFT_VERSION = 5.0;
				TARGETED_DEVICE_FAMILY = "1,2";
			};
			name = Debug;
		};
		523C2CCE24A7AF940050832A /* Release */ = {
			isa = XCBuildConfiguration;
			buildSettings = {
				ASSETCATALOG_COMPILER_APPICON_NAME = AppIcon;
				CODE_SIGN_STYLE = Automatic;
				INFOPLIST_FILE = "ios claswork 5/Info.plist";
				LD_RUNPATH_SEARCH_PATHS = (
					"$(inherited)",
					"@executable_path/Frameworks",
				);
				PRODUCT_BUNDLE_IDENTIFIER = "com.Anoud.ios-claswork-5";
				PRODUCT_NAME = "$(TARGET_NAME)";
				SWIFT_VERSION = 5.0;
				TARGETED_DEVICE_FAMILY = "1,2";
			};
			name = Release;
		};
		523C2CD024A7AF940050832A /* Debug */ = {
			isa = XCBuildConfiguration;
			buildSettings = {
				ALWAYS_EMBED_SWIFT_STANDARD_LIBRARIES = YES;
				BUNDLE_LOADER = "$(TEST_HOST)";
				CODE_SIGN_STYLE = Automatic;
				INFOPLIST_FILE = "ios claswork 5Tests/Info.plist";
				IPHONEOS_DEPLOYMENT_TARGET = 13.5;
				LD_RUNPATH_SEARCH_PATHS = (
					"$(inherited)",
					"@executable_path/Frameworks",
					"@loader_path/Frameworks",
				);
				PRODUCT_BUNDLE_IDENTIFIER = "com.Anoud.ios-claswork-5Tests";
				PRODUCT_NAME = "$(TARGET_NAME)";
				SWIFT_VERSION = 5.0;
				TARGETED_DEVICE_FAMILY = "1,2";
				TEST_HOST = "$(BUILT_PRODUCTS_DIR)/ios claswork 5.app/ios claswork 5";
			};
			name = Debug;
		};
		523C2CD124A7AF940050832A /* Release */ = {
			isa = XCBuildConfiguration;
			buildSettings = {
				ALWAYS_EMBED_SWIFT_STANDARD_LIBRARIES = YES;
				BUNDLE_LOADER = "$(TEST_HOST)";
				CODE_SIGN_STYLE = Automatic;
				INFOPLIST_FILE = "ios claswork 5Tests/Info.plist";
				IPHONEOS_DEPLOYMENT_TARGET = 13.5;
				LD_RUNPATH_SEARCH_PATHS = (
					"$(inherited)",
					"@executable_path/Frameworks",
					"@loader_path/Frameworks",
				);
				PRODUCT_BUNDLE_IDENTIFIER = "com.Anoud.ios-claswork-5Tests";
				PRODUCT_NAME = "$(TARGET_NAME)";
				SWIFT_VERSION = 5.0;
				TARGETED_DEVICE_FAMILY = "1,2";
				TEST_HOST = "$(BUILT_PRODUCTS_DIR)/ios claswork 5.app/ios claswork 5";
			};
			name = Release;
		};
		523C2CD324A7AF940050832A /* Debug */ = {
			isa = XCBuildConfiguration;
			buildSettings = {
				ALWAYS_EMBED_SWIFT_STANDARD_LIBRARIES = YES;
				CODE_SIGN_STYLE = Automatic;
				INFOPLIST_FILE = "ios claswork 5UITests/Info.plist";
				LD_RUNPATH_SEARCH_PATHS = (
					"$(inherited)",
					"@executable_path/Frameworks",
					"@loader_path/Frameworks",
				);
				PRODUCT_BUNDLE_IDENTIFIER = "com.Anoud.ios-claswork-5UITests";
				PRODUCT_NAME = "$(TARGET_NAME)";
				SWIFT_VERSION = 5.0;
				TARGETED_DEVICE_FAMILY = "1,2";
				TEST_TARGET_NAME = "ios claswork 5";
			};
			name = Debug;
		};
		523C2CD424A7AF940050832A /* Release */ = {
			isa = XCBuildConfiguration;
			buildSettings = {
				ALWAYS_EMBED_SWIFT_STANDARD_LIBRARIES = YES;
				CODE_SIGN_STYLE = Automatic;
				INFOPLIST_FILE = "ios claswork 5UITests/Info.plist";
				LD_RUNPATH_SEARCH_PATHS = (
					"$(inherited)",
					"@executable_path/Frameworks",
					"@loader_path/Frameworks",
				);
				PRODUCT_BUNDLE_IDENTIFIER = "com.Anoud.ios-claswork-5UITests";
				PRODUCT_NAME = "$(TARGET_NAME)";
				SWIFT_VERSION = 5.0;
				TARGETED_DEVICE_FAMILY = "1,2";
				TEST_TARGET_NAME = "ios claswork 5";
			};
			name = Release;
		};
/* End XCBuildConfiguration section */

/* Begin XCConfigurationList section */
		523C2C9D24A7AF910050832A /* Build configuration list for PBXProject "ios claswork 5" */ = {
			isa = XCConfigurationList;
			buildConfigurations = (
				523C2CCA24A7AF940050832A /* Debug */,
				523C2CCB24A7AF940050832A /* Release */,
			);
			defaultConfigurationIsVisible = 0;
			defaultConfigurationName = Release;
		};
		523C2CCC24A7AF940050832A /* Build configuration list for PBXNativeTarget "ios claswork 5" */ = {
			isa = XCConfigurationList;
			buildConfigurations = (
				523C2CCD24A7AF940050832A /* Debug */,
				523C2CCE24A7AF940050832A /* Release */,
			);
			defaultConfigurationIsVisible = 0;
			defaultConfigurationName = Release;
		};
		523C2CCF24A7AF940050832A /* Build configuration list for PBXNativeTarget "ios claswork 5Tests" */ = {
			isa = XCConfigurationList;
			buildConfigurations = (
				523C2CD024A7AF940050832A /* Debug */,
				523C2CD124A7AF940050832A /* Release */,
			);
			defaultConfigurationIsVisible = 0;
			defaultConfigurationName = Release;
		};
		523C2CD224A7AF940050832A /* Build configuration list for PBXNativeTarget "ios claswork 5UITests" */ = {
			isa = XCConfigurationList;
			buildConfigurations = (
				523C2CD324A7AF940050832A /* Debug */,
				523C2CD424A7AF940050832A /* Release */,
			);
			defaultConfigurationIsVisible = 0;
			defaultConfigurationName = Release;
		};
/* End XCConfigurationList section */
	};
	rootObject = 523C2C9A24A7AF910050832A /* Project object */;
}
